// !$*UTF8*$!
{
	archiveVersion = 1;
	classes = {
	};
	objectVersion = 50;
	objects = {

/* Begin PBXBuildFile section */
		CA072F472423BE7300018CA0 /* Student.swift in Sources */ = {isa = PBXBuildFile; fileRef = CA072F462423BE7300018CA0 /* Student.swift */; };
		CA1DEAF5241A8DC400092739 /* OutputFileView.swift in Sources */ = {isa = PBXBuildFile; fileRef = CA1DEAF4241A8DC400092739 /* OutputFileView.swift */; };
		CA1DEAF9241AD45800092739 /* InputFileUIView.swift in Sources */ = {isa = PBXBuildFile; fileRef = CA1DEAF8241AD45800092739 /* InputFileUIView.swift */; };
		CA1DEAFD241AD72300092739 /* openFileDialog.swift in Sources */ = {isa = PBXBuildFile; fileRef = CA1DEAFC241AD72300092739 /* openFileDialog.swift */; };
		CA1DEB01241ADED000092739 /* Assets.xcassets in Resources */ = {isa = PBXBuildFile; fileRef = CA1DEB00241ADED000092739 /* Assets.xcassets */; };
		CA1DEB04241B905300092739 /* default-enrollment.csv in Resources */ = {isa = PBXBuildFile; fileRef = CA1DEB03241B905300092739 /* default-enrollment.csv */; };
		CA3B9F34241BB42B000E497B /* EnrollmentModel.xcdatamodeld in Sources */ = {isa = PBXBuildFile; fileRef = CA3B9F32241BB42B000E497B /* EnrollmentModel.xcdatamodeld */; };
		CA4AD34D2423CE5E0098C5CB /* SobriquetTests.swift in Sources */ = {isa = PBXBuildFile; fileRef = CA4AD34C2423CE5E0098C5CB /* SobriquetTests.swift */; };
		CA4AD3552423CE8F0098C5CB /* TestRenameFile.swift in Sources */ = {isa = PBXBuildFile; fileRef = CA4AD3542423CE8F0098C5CB /* TestRenameFile.swift */; };
		CA550934241CE5A700476B08 /* CSVParser.swift in Sources */ = {isa = PBXBuildFile; fileRef = CA550932241CE38E00476B08 /* CSVParser.swift */; };
		CA550936241D0A6C00476B08 /* EnrollmentView.swift in Sources */ = {isa = PBXBuildFile; fileRef = CA550935241D0A6C00476B08 /* EnrollmentView.swift */; };
		CAB4AA70241A48DE00075238 /* AppDelegate.swift in Sources */ = {isa = PBXBuildFile; fileRef = CAB4AA6F241A48DE00075238 /* AppDelegate.swift */; };
		CAB4AA72241A48DE00075238 /* ContentView.swift in Sources */ = {isa = PBXBuildFile; fileRef = CAB4AA71241A48DE00075238 /* ContentView.swift */; };
		CAB4AA77241A48E100075238 /* Preview Assets.xcassets in Resources */ = {isa = PBXBuildFile; fileRef = CAB4AA76241A48E100075238 /* Preview Assets.xcassets */; };
		CAB4AA7A241A48E100075238 /* Main.storyboard in Resources */ = {isa = PBXBuildFile; fileRef = CAB4AA78241A48E100075238 /* Main.storyboard */; };
		CAB4AA83241A58FE00075238 /* ComponentButtonsUIView.swift in Sources */ = {isa = PBXBuildFile; fileRef = CAB4AA82241A58FE00075238 /* ComponentButtonsUIView.swift */; };
		CAB4AA85241A7C2C00075238 /* RenameFiles.swift in Sources */ = {isa = PBXBuildFile; fileRef = CAB4AA84241A7C2C00075238 /* RenameFiles.swift */; };
/* End PBXBuildFile section */

/* Begin PBXContainerItemProxy section */
		CA4AD34F2423CE5E0098C5CB /* PBXContainerItemProxy */ = {
			isa = PBXContainerItemProxy;
			containerPortal = CAB4AA64241A48DE00075238 /* Project object */;
			proxyType = 1;
			remoteGlobalIDString = CAB4AA6B241A48DE00075238;
			remoteInfo = Sobriquet;
		};
/* End PBXContainerItemProxy section */

/* Begin PBXFileReference section */
		CA072F462423BE7300018CA0 /* Student.swift */ = {isa = PBXFileReference; lastKnownFileType = sourcecode.swift; path = Student.swift; sourceTree = "<group>"; };
		CA1DEAF4241A8DC400092739 /* OutputFileView.swift */ = {isa = PBXFileReference; lastKnownFileType = sourcecode.swift; path = OutputFileView.swift; sourceTree = "<group>"; };
		CA1DEAF8241AD45800092739 /* InputFileUIView.swift */ = {isa = PBXFileReference; lastKnownFileType = sourcecode.swift; path = InputFileUIView.swift; sourceTree = "<group>"; };
		CA1DEAFC241AD72300092739 /* openFileDialog.swift */ = {isa = PBXFileReference; lastKnownFileType = sourcecode.swift; path = openFileDialog.swift; sourceTree = "<group>"; };
		CA1DEB00241ADED000092739 /* Assets.xcassets */ = {isa = PBXFileReference; lastKnownFileType = folder.assetcatalog; path = Assets.xcassets; sourceTree = "<group>"; };
		CA1DEB02241ADFDC00092739 /* sobriquet-logo.png */ = {isa = PBXFileReference; lastKnownFileType = image.png; name = "sobriquet-logo.png"; path = "/Users/Brandon/Library/Mobile Documents/com~apple~CloudDocs/Programming/Projects/Sobriquet/Sobriquet/sobriquet-logo.png"; sourceTree = "<absolute>"; };
		CA1DEB03241B905300092739 /* default-enrollment.csv */ = {isa = PBXFileReference; fileEncoding = 4; lastKnownFileType = text; path = "default-enrollment.csv"; sourceTree = "<group>"; };
		CA3B9F33241BB42B000E497B /* EnrollmentModel.xcdatamodel */ = {isa = PBXFileReference; lastKnownFileType = wrapper.xcdatamodel; path = EnrollmentModel.xcdatamodel; sourceTree = "<group>"; };
		CA4AD3452423C7170098C5CB /* SobriquetRelease.entitlements */ = {isa = PBXFileReference; lastKnownFileType = text.plist.entitlements; path = SobriquetRelease.entitlements; sourceTree = "<group>"; };
		CA4AD34A2423CE5E0098C5CB /* SobriquetTests.xctest */ = {isa = PBXFileReference; explicitFileType = wrapper.cfbundle; includeInIndex = 0; path = SobriquetTests.xctest; sourceTree = BUILT_PRODUCTS_DIR; };
		CA4AD34C2423CE5E0098C5CB /* SobriquetTests.swift */ = {isa = PBXFileReference; lastKnownFileType = sourcecode.swift; path = SobriquetTests.swift; sourceTree = "<group>"; };
		CA4AD34E2423CE5E0098C5CB /* Info.plist */ = {isa = PBXFileReference; lastKnownFileType = text.plist.xml; path = Info.plist; sourceTree = "<group>"; };
		CA4AD3542423CE8F0098C5CB /* TestRenameFile.swift */ = {isa = PBXFileReference; lastKnownFileType = sourcecode.swift; path = TestRenameFile.swift; sourceTree = "<group>"; };
		CA550932241CE38E00476B08 /* CSVParser.swift */ = {isa = PBXFileReference; lastKnownFileType = sourcecode.swift; path = CSVParser.swift; sourceTree = "<group>"; };
		CA550935241D0A6C00476B08 /* EnrollmentView.swift */ = {isa = PBXFileReference; lastKnownFileType = sourcecode.swift; path = EnrollmentView.swift; sourceTree = "<group>"; };
		CAB4AA6C241A48DE00075238 /* Sobriquet.app */ = {isa = PBXFileReference; explicitFileType = wrapper.application; includeInIndex = 0; path = Sobriquet.app; sourceTree = BUILT_PRODUCTS_DIR; };
		CAB4AA6F241A48DE00075238 /* AppDelegate.swift */ = {isa = PBXFileReference; lastKnownFileType = sourcecode.swift; path = AppDelegate.swift; sourceTree = "<group>"; };
		CAB4AA71241A48DE00075238 /* ContentView.swift */ = {isa = PBXFileReference; lastKnownFileType = sourcecode.swift; path = ContentView.swift; sourceTree = "<group>"; };
		CAB4AA76241A48E100075238 /* Preview Assets.xcassets */ = {isa = PBXFileReference; lastKnownFileType = folder.assetcatalog; path = "Preview Assets.xcassets"; sourceTree = "<group>"; };
		CAB4AA79241A48E100075238 /* Base */ = {isa = PBXFileReference; lastKnownFileType = file.storyboard; name = Base; path = Base.lproj/Main.storyboard; sourceTree = "<group>"; };
		CAB4AA7B241A48E100075238 /* Info.plist */ = {isa = PBXFileReference; lastKnownFileType = text.plist.xml; path = Info.plist; sourceTree = "<group>"; };
		CAB4AA7C241A48E100075238 /* Sobriquet.entitlements */ = {isa = PBXFileReference; lastKnownFileType = text.plist.entitlements; path = Sobriquet.entitlements; sourceTree = "<group>"; };
		CAB4AA82241A58FE00075238 /* ComponentButtonsUIView.swift */ = {isa = PBXFileReference; lastKnownFileType = sourcecode.swift; path = ComponentButtonsUIView.swift; sourceTree = "<group>"; };
		CAB4AA84241A7C2C00075238 /* RenameFiles.swift */ = {isa = PBXFileReference; lastKnownFileType = sourcecode.swift; path = RenameFiles.swift; sourceTree = "<group>"; };
/* End PBXFileReference section */

/* Begin PBXFrameworksBuildPhase section */
		CA4AD3472423CE5E0098C5CB /* Frameworks */ = {
			isa = PBXFrameworksBuildPhase;
			buildActionMask = 2147483647;
			files = (
			);
			runOnlyForDeploymentPostprocessing = 0;
		};
		CAB4AA69241A48DE00075238 /* Frameworks */ = {
			isa = PBXFrameworksBuildPhase;
			buildActionMask = 2147483647;
			files = (
			);
			runOnlyForDeploymentPostprocessing = 0;
		};
/* End PBXFrameworksBuildPhase section */

/* Begin PBXGroup section */
		CA4AD34B2423CE5E0098C5CB /* SobriquetTests */ = {
			isa = PBXGroup;
			children = (
				CA4AD3542423CE8F0098C5CB /* TestRenameFile.swift */,
				CA4AD34C2423CE5E0098C5CB /* SobriquetTests.swift */,
				CA4AD34E2423CE5E0098C5CB /* Info.plist */,
			);
			path = SobriquetTests;
			sourceTree = "<group>";
		};
		CAB4AA63241A48DE00075238 = {
			isa = PBXGroup;
			children = (
				CAB4AA6E241A48DE00075238 /* Sobriquet */,
				CA4AD34B2423CE5E0098C5CB /* SobriquetTests */,
				CAB4AA6D241A48DE00075238 /* Products */,
			);
			sourceTree = "<group>";
		};
		CAB4AA6D241A48DE00075238 /* Products */ = {
			isa = PBXGroup;
			children = (
				CAB4AA6C241A48DE00075238 /* Sobriquet.app */,
				CA4AD34A2423CE5E0098C5CB /* SobriquetTests.xctest */,
			);
			name = Products;
			sourceTree = "<group>";
		};
		CAB4AA6E241A48DE00075238 /* Sobriquet */ = {
			isa = PBXGroup;
			children = (
				CA4AD3452423C7170098C5CB /* SobriquetRelease.entitlements */,
				CA1DEB03241B905300092739 /* default-enrollment.csv */,
				CA1DEB02241ADFDC00092739 /* sobriquet-logo.png */,
				CAB4AA6F241A48DE00075238 /* AppDelegate.swift */,
				CAB4AA82241A58FE00075238 /* ComponentButtonsUIView.swift */,
				CAB4AA71241A48DE00075238 /* ContentView.swift */,
				CA550932241CE38E00476B08 /* CSVParser.swift */,
				CA550935241D0A6C00476B08 /* EnrollmentView.swift */,
				CA1DEAF8241AD45800092739 /* InputFileUIView.swift */,
				CA1DEAFC241AD72300092739 /* openFileDialog.swift */,
				CA1DEAF4241A8DC400092739 /* OutputFileView.swift */,
				CAB4AA84241A7C2C00075238 /* RenameFiles.swift */,
				CA072F462423BE7300018CA0 /* Student.swift */,
				CAB4AA78241A48E100075238 /* Main.storyboard */,
				CAB4AA7B241A48E100075238 /* Info.plist */,
				CAB4AA7C241A48E100075238 /* Sobriquet.entitlements */,
				CA3B9F32241BB42B000E497B /* EnrollmentModel.xcdatamodeld */,
				CA1DEB00241ADED000092739 /* Assets.xcassets */,
				CAB4AA75241A48E100075238 /* Preview Content */,
			);
			path = Sobriquet;
			sourceTree = "<group>";
		};
		CAB4AA75241A48E100075238 /* Preview Content */ = {
			isa = PBXGroup;
			children = (
				CAB4AA76241A48E100075238 /* Preview Assets.xcassets */,
			);
			path = "Preview Content";
			sourceTree = "<group>";
		};
/* End PBXGroup section */

/* Begin PBXNativeTarget section */
		CA4AD3492423CE5E0098C5CB /* SobriquetTests */ = {
			isa = PBXNativeTarget;
			buildConfigurationList = CA4AD3512423CE5E0098C5CB /* Build configuration list for PBXNativeTarget "SobriquetTests" */;
			buildPhases = (
				CA4AD3462423CE5E0098C5CB /* Sources */,
				CA4AD3472423CE5E0098C5CB /* Frameworks */,
				CA4AD3482423CE5E0098C5CB /* Resources */,
			);
			buildRules = (
			);
			dependencies = (
				CA4AD3502423CE5E0098C5CB /* PBXTargetDependency */,
			);
			name = SobriquetTests;
			productName = SobriquetTests;
			productReference = CA4AD34A2423CE5E0098C5CB /* SobriquetTests.xctest */;
			productType = "com.apple.product-type.bundle.unit-test";
		};
		CAB4AA6B241A48DE00075238 /* Sobriquet */ = {
			isa = PBXNativeTarget;
			buildConfigurationList = CAB4AA7F241A48E100075238 /* Build configuration list for PBXNativeTarget "Sobriquet" */;
			buildPhases = (
				CAB4AA68241A48DE00075238 /* Sources */,
				CAB4AA69241A48DE00075238 /* Frameworks */,
				CAB4AA6A241A48DE00075238 /* Resources */,
			);
			buildRules = (
			);
			dependencies = (
			);
			name = Sobriquet;
			productName = Sobriquet;
			productReference = CAB4AA6C241A48DE00075238 /* Sobriquet.app */;
			productType = "com.apple.product-type.application";
		};
/* End PBXNativeTarget section */

/* Begin PBXProject section */
		CAB4AA64241A48DE00075238 /* Project object */ = {
			isa = PBXProject;
			attributes = {
				LastSwiftUpdateCheck = 1130;
				LastUpgradeCheck = 1130;
				ORGANIZATIONNAME = "Brandon Sorensen";
				TargetAttributes = {
					CA4AD3492423CE5E0098C5CB = {
						CreatedOnToolsVersion = 11.3.1;
						TestTargetID = CAB4AA6B241A48DE00075238;
					};
					CAB4AA6B241A48DE00075238 = {
						CreatedOnToolsVersion = 11.3.1;
					};
				};
			};
			buildConfigurationList = CAB4AA67241A48DE00075238 /* Build configuration list for PBXProject "Sobriquet" */;
			compatibilityVersion = "Xcode 9.3";
			developmentRegion = en;
			hasScannedForEncodings = 0;
			knownRegions = (
				en,
				Base,
			);
			mainGroup = CAB4AA63241A48DE00075238;
			productRefGroup = CAB4AA6D241A48DE00075238 /* Products */;
			projectDirPath = "";
			projectRoot = "";
			targets = (
				CAB4AA6B241A48DE00075238 /* Sobriquet */,
				CA4AD3492423CE5E0098C5CB /* SobriquetTests */,
			);
		};
/* End PBXProject section */

/* Begin PBXResourcesBuildPhase section */
		CA4AD3482423CE5E0098C5CB /* Resources */ = {
			isa = PBXResourcesBuildPhase;
			buildActionMask = 2147483647;
			files = (
			);
			runOnlyForDeploymentPostprocessing = 0;
		};
		CAB4AA6A241A48DE00075238 /* Resources */ = {
			isa = PBXResourcesBuildPhase;
			buildActionMask = 2147483647;
			files = (
				CAB4AA7A241A48E100075238 /* Main.storyboard in Resources */,
				CA1DEB01241ADED000092739 /* Assets.xcassets in Resources */,
				CAB4AA77241A48E100075238 /* Preview Assets.xcassets in Resources */,
				CA1DEB04241B905300092739 /* default-enrollment.csv in Resources */,
			);
			runOnlyForDeploymentPostprocessing = 0;
		};
/* End PBXResourcesBuildPhase section */

/* Begin PBXSourcesBuildPhase section */
		CA4AD3462423CE5E0098C5CB /* Sources */ = {
			isa = PBXSourcesBuildPhase;
			buildActionMask = 2147483647;
			files = (
				CA4AD34D2423CE5E0098C5CB /* SobriquetTests.swift in Sources */,
				CA4AD3552423CE8F0098C5CB /* TestRenameFile.swift in Sources */,
			);
			runOnlyForDeploymentPostprocessing = 0;
		};
		CAB4AA68241A48DE00075238 /* Sources */ = {
			isa = PBXSourcesBuildPhase;
			buildActionMask = 2147483647;
			files = (
				CAB4AA83241A58FE00075238 /* ComponentButtonsUIView.swift in Sources */,
				CA1DEAF9241AD45800092739 /* InputFileUIView.swift in Sources */,
				CA550934241CE5A700476B08 /* CSVParser.swift in Sources */,
				CA072F472423BE7300018CA0 /* Student.swift in Sources */,
				CA1DEAF5241A8DC400092739 /* OutputFileView.swift in Sources */,
				CA550936241D0A6C00476B08 /* EnrollmentView.swift in Sources */,
				CAB4AA72241A48DE00075238 /* ContentView.swift in Sources */,
				CAB4AA70241A48DE00075238 /* AppDelegate.swift in Sources */,
				CA3B9F34241BB42B000E497B /* EnrollmentModel.xcdatamodeld in Sources */,
				CAB4AA85241A7C2C00075238 /* RenameFiles.swift in Sources */,
				CA1DEAFD241AD72300092739 /* openFileDialog.swift in Sources */,
			);
			runOnlyForDeploymentPostprocessing = 0;
		};
/* End PBXSourcesBuildPhase section */

/* Begin PBXTargetDependency section */
		CA4AD3502423CE5E0098C5CB /* PBXTargetDependency */ = {
			isa = PBXTargetDependency;
			target = CAB4AA6B241A48DE00075238 /* Sobriquet */;
			targetProxy = CA4AD34F2423CE5E0098C5CB /* PBXContainerItemProxy */;
		};
/* End PBXTargetDependency section */

/* Begin PBXVariantGroup section */
		CAB4AA78241A48E100075238 /* Main.storyboard */ = {
			isa = PBXVariantGroup;
			children = (
				CAB4AA79241A48E100075238 /* Base */,
			);
			name = Main.storyboard;
			sourceTree = "<group>";
		};
/* End PBXVariantGroup section */

/* Begin XCBuildConfiguration section */
		CA4AD3522423CE5E0098C5CB /* Debug */ = {
			isa = XCBuildConfiguration;
			buildSettings = {
				BUNDLE_LOADER = "$(TEST_HOST)";
				CODE_SIGN_STYLE = Automatic;
				COMBINE_HIDPI_IMAGES = YES;
				DEVELOPMENT_TEAM = 7KB23NJMDW;
				INFOPLIST_FILE = SobriquetTests/Info.plist;
				LD_RUNPATH_SEARCH_PATHS = (
					"$(inherited)",
					"@executable_path/../Frameworks",
					"@loader_path/../Frameworks",
				);
				PRODUCT_BUNDLE_IDENTIFIER = Myself.SobriquetTests;
				PRODUCT_NAME = "$(TARGET_NAME)";
				SWIFT_VERSION = 5.0;
				TEST_HOST = "$(BUILT_PRODUCTS_DIR)/Sobriquet.app/Contents/MacOS/Sobriquet";
			};
			name = Debug;
		};
		CA4AD3532423CE5E0098C5CB /* Release */ = {
			isa = XCBuildConfiguration;
			buildSettings = {
				BUNDLE_LOADER = "$(TEST_HOST)";
				CODE_SIGN_STYLE = Automatic;
				COMBINE_HIDPI_IMAGES = YES;
				DEVELOPMENT_TEAM = 7KB23NJMDW;
				INFOPLIST_FILE = SobriquetTests/Info.plist;
				LD_RUNPATH_SEARCH_PATHS = (
					"$(inherited)",
					"@executable_path/../Frameworks",
					"@loader_path/../Frameworks",
				);
				PRODUCT_BUNDLE_IDENTIFIER = Myself.SobriquetTests;
				PRODUCT_NAME = "$(TARGET_NAME)";
				SWIFT_VERSION = 5.0;
				TEST_HOST = "$(BUILT_PRODUCTS_DIR)/Sobriquet.app/Contents/MacOS/Sobriquet";
			};
			name = Release;
		};
		CAB4AA7D241A48E100075238 /* Debug */ = {
			isa = XCBuildConfiguration;
			buildSettings = {
				ALWAYS_SEARCH_USER_PATHS = NO;
				CLANG_ANALYZER_NONNULL = YES;
				CLANG_ANALYZER_NUMBER_OBJECT_CONVERSION = YES_AGGRESSIVE;
				CLANG_CXX_LANGUAGE_STANDARD = "gnu++14";
				CLANG_CXX_LIBRARY = "libc++";
				CLANG_ENABLE_MODULES = YES;
				CLANG_ENABLE_OBJC_ARC = YES;
				CLANG_ENABLE_OBJC_WEAK = YES;
				CLANG_WARN_BLOCK_CAPTURE_AUTORELEASING = YES;
				CLANG_WARN_BOOL_CONVERSION = YES;
				CLANG_WARN_COMMA = YES;
				CLANG_WARN_CONSTANT_CONVERSION = YES;
				CLANG_WARN_DEPRECATED_OBJC_IMPLEMENTATIONS = YES;
				CLANG_WARN_DIRECT_OBJC_ISA_USAGE = YES_ERROR;
				CLANG_WARN_DOCUMENTATION_COMMENTS = YES;
				CLANG_WARN_EMPTY_BODY = YES;
				CLANG_WARN_ENUM_CONVERSION = YES;
				CLANG_WARN_INFINITE_RECURSION = YES;
				CLANG_WARN_INT_CONVERSION = YES;
				CLANG_WARN_NON_LITERAL_NULL_CONVERSION = YES;
				CLANG_WARN_OBJC_IMPLICIT_RETAIN_SELF = YES;
				CLANG_WARN_OBJC_LITERAL_CONVERSION = YES;
				CLANG_WARN_OBJC_ROOT_CLASS = YES_ERROR;
				CLANG_WARN_RANGE_LOOP_ANALYSIS = YES;
				CLANG_WARN_STRICT_PROTOTYPES = YES;
				CLANG_WARN_SUSPICIOUS_MOVE = YES;
				CLANG_WARN_UNGUARDED_AVAILABILITY = YES_AGGRESSIVE;
				CLANG_WARN_UNREACHABLE_CODE = YES;
				CLANG_WARN__DUPLICATE_METHOD_MATCH = YES;
				COPY_PHASE_STRIP = NO;
				DEBUG_INFORMATION_FORMAT = dwarf;
				ENABLE_STRICT_OBJC_MSGSEND = YES;
				ENABLE_TESTABILITY = YES;
				GCC_C_LANGUAGE_STANDARD = gnu11;
				GCC_DYNAMIC_NO_PIC = NO;
				GCC_NO_COMMON_BLOCKS = YES;
				GCC_OPTIMIZATION_LEVEL = 0;
				GCC_PREPROCESSOR_DEFINITIONS = (
					"DEBUG=1",
					"$(inherited)",
				);
				GCC_WARN_64_TO_32_BIT_CONVERSION = YES;
				GCC_WARN_ABOUT_RETURN_TYPE = YES_ERROR;
				GCC_WARN_UNDECLARED_SELECTOR = YES;
				GCC_WARN_UNINITIALIZED_AUTOS = YES_AGGRESSIVE;
				GCC_WARN_UNUSED_FUNCTION = YES;
				GCC_WARN_UNUSED_VARIABLE = YES;
				MACOSX_DEPLOYMENT_TARGET = 10.15;
				MTL_ENABLE_DEBUG_INFO = INCLUDE_SOURCE;
				MTL_FAST_MATH = YES;
				ONLY_ACTIVE_ARCH = YES;
				SDKROOT = macosx;
				SWIFT_ACTIVE_COMPILATION_CONDITIONS = DEBUG;
				SWIFT_OPTIMIZATION_LEVEL = "-Onone";
			};
			name = Debug;
		};
		CAB4AA7E241A48E100075238 /* Release */ = {
			isa = XCBuildConfiguration;
			buildSettings = {
				ALWAYS_SEARCH_USER_PATHS = NO;
				CLANG_ANALYZER_NONNULL = YES;
				CLANG_ANALYZER_NUMBER_OBJECT_CONVERSION = YES_AGGRESSIVE;
				CLANG_CXX_LANGUAGE_STANDARD = "gnu++14";
				CLANG_CXX_LIBRARY = "libc++";
				CLANG_ENABLE_MODULES = YES;
				CLANG_ENABLE_OBJC_ARC = YES;
				CLANG_ENABLE_OBJC_WEAK = YES;
				CLANG_WARN_BLOCK_CAPTURE_AUTORELEASING = YES;
				CLANG_WARN_BOOL_CONVERSION = YES;
				CLANG_WARN_COMMA = YES;
				CLANG_WARN_CONSTANT_CONVERSION = YES;
				CLANG_WARN_DEPRECATED_OBJC_IMPLEMENTATIONS = YES;
				CLANG_WARN_DIRECT_OBJC_ISA_USAGE = YES_ERROR;
				CLANG_WARN_DOCUMENTATION_COMMENTS = YES;
				CLANG_WARN_EMPTY_BODY = YES;
				CLANG_WARN_ENUM_CONVERSION = YES;
				CLANG_WARN_INFINITE_RECURSION = YES;
				CLANG_WARN_INT_CONVERSION = YES;
				CLANG_WARN_NON_LITERAL_NULL_CONVERSION = YES;
				CLANG_WARN_OBJC_IMPLICIT_RETAIN_SELF = YES;
				CLANG_WARN_OBJC_LITERAL_CONVERSION = YES;
				CLANG_WARN_OBJC_ROOT_CLASS = YES_ERROR;
				CLANG_WARN_RANGE_LOOP_ANALYSIS = YES;
				CLANG_WARN_STRICT_PROTOTYPES = YES;
				CLANG_WARN_SUSPICIOUS_MOVE = YES;
				CLANG_WARN_UNGUARDED_AVAILABILITY = YES_AGGRESSIVE;
				CLANG_WARN_UNREACHABLE_CODE = YES;
				CLANG_WARN__DUPLICATE_METHOD_MATCH = YES;
				COPY_PHASE_STRIP = NO;
				DEBUG_INFORMATION_FORMAT = "dwarf-with-dsym";
				ENABLE_NS_ASSERTIONS = NO;
				ENABLE_STRICT_OBJC_MSGSEND = YES;
				GCC_C_LANGUAGE_STANDARD = gnu11;
				GCC_NO_COMMON_BLOCKS = YES;
				GCC_WARN_64_TO_32_BIT_CONVERSION = YES;
				GCC_WARN_ABOUT_RETURN_TYPE = YES_ERROR;
				GCC_WARN_UNDECLARED_SELECTOR = YES;
				GCC_WARN_UNINITIALIZED_AUTOS = YES_AGGRESSIVE;
				GCC_WARN_UNUSED_FUNCTION = YES;
				GCC_WARN_UNUSED_VARIABLE = YES;
				MACOSX_DEPLOYMENT_TARGET = 10.15;
				MTL_ENABLE_DEBUG_INFO = NO;
				MTL_FAST_MATH = YES;
				SDKROOT = macosx;
				SWIFT_COMPILATION_MODE = wholemodule;
				SWIFT_OPTIMIZATION_LEVEL = "-O";
			};
			name = Release;
		};
		CAB4AA80241A48E100075238 /* Debug */ = {
			isa = XCBuildConfiguration;
			buildSettings = {
				ASSETCATALOG_COMPILER_APPICON_NAME = AppIcon;
				CODE_SIGN_ENTITLEMENTS = Sobriquet/Sobriquet.entitlements;
				CODE_SIGN_IDENTITY = "Apple Development";
				CODE_SIGN_STYLE = Automatic;
				COMBINE_HIDPI_IMAGES = YES;
				DEVELOPMENT_ASSET_PATHS = "\"Sobriquet/Preview Content\"";
				DEVELOPMENT_TEAM = 7KB23NJMDW;
				ENABLE_HARDENED_RUNTIME = YES;
				ENABLE_PREVIEWS = YES;
				INFOPLIST_FILE = Sobriquet/Info.plist;
				LD_RUNPATH_SEARCH_PATHS = (
					"$(inherited)",
					"@executable_path/../Frameworks",
				);
				MACOSX_DEPLOYMENT_TARGET = 10.15;
				PRODUCT_BUNDLE_IDENTIFIER = Myself.Sobriquet;
				PRODUCT_NAME = "$(TARGET_NAME)";
				PROVISIONING_PROFILE_SPECIFIER = "";
				SWIFT_VERSION = 5.0;
			};
			name = Debug;
		};
		CAB4AA81241A48E100075238 /* Release */ = {
			isa = XCBuildConfiguration;
			buildSettings = {
				ASSETCATALOG_COMPILER_APPICON_NAME = AppIcon;
				CODE_SIGN_ENTITLEMENTS = Sobriquet/SobriquetRelease.entitlements;
				CODE_SIGN_IDENTITY = "-";
				CODE_SIGN_STYLE = Automatic;
				COMBINE_HIDPI_IMAGES = YES;
				DEVELOPMENT_ASSET_PATHS = "\"Sobriquet/Preview Content\"";
				DEVELOPMENT_TEAM = 7KB23NJMDW;
				ENABLE_HARDENED_RUNTIME = YES;
				ENABLE_PREVIEWS = YES;
				INFOPLIST_FILE = Sobriquet/Info.plist;
				LD_RUNPATH_SEARCH_PATHS = (
					"$(inherited)",
					"@executable_path/../Frameworks",
				);
				MACOSX_DEPLOYMENT_TARGET = 10.15;
				PRODUCT_BUNDLE_IDENTIFIER = Myself.Sobriquet;
				PRODUCT_NAME = "$(TARGET_NAME)";
				PROVISIONING_PROFILE_SPECIFIER = "";
				SWIFT_VERSION = 5.0;
			};
			name = Release;
		};
/* End XCBuildConfiguration section */

/* Begin XCConfigurationList section */
		CA4AD3512423CE5E0098C5CB /* Build configuration list for PBXNativeTarget "SobriquetTests" */ = {
			isa = XCConfigurationList;
			buildConfigurations = (
				CA4AD3522423CE5E0098C5CB /* Debug */,
				CA4AD3532423CE5E0098C5CB /* Release */,
			);
			defaultConfigurationIsVisible = 0;
			defaultConfigurationName = Release;
		};
		CAB4AA67241A48DE00075238 /* Build configuration list for PBXProject "Sobriquet" */ = {
			isa = XCConfigurationList;
			buildConfigurations = (
				CAB4AA7D241A48E100075238 /* Debug */,
				CAB4AA7E241A48E100075238 /* Release */,
			);
			defaultConfigurationIsVisible = 0;
			defaultConfigurationName = Release;
		};
		CAB4AA7F241A48E100075238 /* Build configuration list for PBXNativeTarget "Sobriquet" */ = {
			isa = XCConfigurationList;
			buildConfigurations = (
				CAB4AA80241A48E100075238 /* Debug */,
				CAB4AA81241A48E100075238 /* Release */,
			);
			defaultConfigurationIsVisible = 0;
			defaultConfigurationName = Release;
		};
/* End XCConfigurationList section */

/* Begin XCVersionGroup section */
		CA3B9F32241BB42B000E497B /* EnrollmentModel.xcdatamodeld */ = {
			isa = XCVersionGroup;
			children = (
				CA3B9F33241BB42B000E497B /* EnrollmentModel.xcdatamodel */,
			);
			currentVersion = CA3B9F33241BB42B000E497B /* EnrollmentModel.xcdatamodel */;
			path = EnrollmentModel.xcdatamodeld;
			sourceTree = "<group>";
			versionGroupType = wrapper.xcdatamodel;
		};
/* End XCVersionGroup section */
	};
	rootObject = CAB4AA64241A48DE00075238 /* Project object */;
}
